
Microsoft Visual Studio Solution File, Format Version 12.00
# Visual Studio 15
VisualStudioVersion = 15.0.28307.329
MinimumVisualStudioVersion = 10.0.40219.1
Project("{FAE04EC0-301F-11D3-BF4B-00C04F79EFBC}") = "APIPartnerGroup", "APIPartnerGroup\APIPartnerGroup.csproj", "{319F1CC5-E4F1-4292-A379-27908940D61D}"
EndProject
Global
	GlobalSection(SolutionConfigurationPlatforms) = preSolution
		Debug|Any CPU = Debug|Any CPU
		Release|Any CPU = Release|Any CPU
	EndGlobalSection
	GlobalSection(ProjectConfigurationPlatforms) = postSolution
		{319F1CC5-E4F1-4292-A379-27908940D61D}.Debug|Any CPU.ActiveCfg = Debug|Any CPU
		{319F1CC5-E4F1-4292-A379-27908940D61D}.Debug|Any CPU.Build.0 = Debug|Any CPU
		{319F1CC5-E4F1-4292-A379-27908940D61D}.Release|Any CPU.ActiveCfg = Release|Any CPU
		{319F1CC5-E4F1-4292-A379-27908940D61D}.Release|Any CPU.Build.0 = Release|Any CPU
	EndGlobalSection
	GlobalSection(SolutionProperties) = preSolution
		HideSolutionNode = FALSE
	EndGlobalSection
	GlobalSection(ExtensibilityGlobals) = postSolution
		SolutionGuid = {8C33083D-3A00-4615-BF9C-3CB3D119EF32}
	EndGlobalSection
EndGlobal
